{
  "name": "artist-bungalow",
  "lockfileVersion": 3,
  "requires": true,
  "packages": {
    "": {
      "name": "artist-bungalow",
      "dependencies": {
        "@simplewebauthn/server": "^13.3.3",
        "@vercel/functions": "^3.9.6"
      }
    },
    "node_modules/@hexagon/base64": {
      "version": "1.1.28",
      "resolved": "https://registry.npmjs.org/@hexagon/base64/-/base64-1.1.28.tgz",
      "integrity": "sha512-lhqDEAvWixy3bZ+UOYbPwUbBkwBq5C1LAJ/xPC8Oi+lL54oyakv/npbA0aU2hgCsx/1NUd4IBvV03+aUBWxerw==",
      "license": "MIT"
    },
    "node_modules/@levischuck/tiny-cbor": {
      "version": "0.2.11",
      "resolved": "https://registry.npmjs.org/@levischuck/tiny-cbor/-/tiny-cbor-0.2.11.tgz",
      "integrity": "sha512-llBRm4dT4Z89aRsm6u2oEZ8tfwL/2l6BwpZ7JcyieouniDECM5AqNgr/y08zalEIvW3RSK4upYyybDcmjXqAow==",
      "license": "MIT"
    },
    "node_modules/@peculiar/asn1-android": {
      "version": "2.9.4",
      "resolved": "https://registry.npmjs.org/@peculiar/asn1-android/-/asn1-android-2.9.4.tgz",
      "integrity": "sha512-SYHm4SoWSI0nRCoos6jpGusIqhPH9bbGBqv7ohlZ+H6BunrDzzQPk2ePgDuEUzV82OdvbLgtW4twUDwhU9P3YQ==",
      "license": "MIT",
      "dependencies": {
        "@peculiar/asn1-schema": "^2.9.4",
        "asn1js": "^3.0.10",
        "tslib": "^2.8.1"
      },
      "engines": {
        "node": ">=14"
      }
    },
    "node_modules/@peculiar/asn1-cms": {
      "version": "2.9.4",
      "resolved": "https://registry.npmjs.org/@peculiar/asn1-cms/-/asn1-cms-2.9.4.tgz",
      "integrity": "sha512-cben7oxmQsUGZqotus7yt0srYdncOT6RNWcTQ77T2RFOXejYVYkXadrfePdRcrVpO9K95IRLKKglG2k38jKXuw==",
      "license": "MIT",
      "dependencies": {
        "@peculiar/asn1-schema": "^2.9.4",
        "@peculiar/asn1-x509": "^2.9.4",
        "@peculiar/asn1-x509-attr": "^2.9.4",
        "asn1js": "^3.0.10",
        "tslib": "^2.8.1"
      },
      "engines": {
        "node": ">=14"
      }
    },
    "node_modules/@peculiar/asn1-csr": {
      "version": "2.9.4",
      "resolved": "https://registry.npmjs.org/@peculiar/asn1-csr/-/asn1-csr-2.9.4.tgz",
      "integrity": "sha512-xd4YN4vpRjkDAQWVfZZkeu12IEND7DOpkqaHSIHxZl1uggUNa9Ju0QxY2jHvDAS9pP0zhRBytg8ifsnGo3V0jw==",
      "license": "MIT",
      "dependencies": {
        "@peculiar/asn1-schema": "^2.9.4",
        "@peculiar/asn1-x509": "^2.9.4",
        "asn1js": "^3.0.10",
        "tslib": "^2.8.1"
      },
      "engines": {
        "node": ">=14"
      }
    },
    "node_modules/@peculiar/asn1-ecc": {
      "version": "2.9.4",
      "resolved": "https://registry.npmjs.org/@peculiar/asn1-ecc/-/asn1-ecc-2.9.4.tgz",
      "integrity": "sha512-JJXefFshRAuVAjWQo/39bkg1ywc1VaiO44S8RRC+Ykvf/u2KDmYffoDb0ZBPCR5uJy4AGKQhl8mX+Q8ShcWaXQ==",
      "license": "MIT",
      "dependencies": {
        "@peculiar/asn1-schema": "^2.9.4",
        "@peculiar/asn1-x509": "^2.9.4",
        "asn1js": "^3.0.10",
        "tslib": "^2.8.1"
      },
      "engines": {
        "node": ">=14"
      }
    },
    "node_modules/@peculiar/asn1-pfx": {
      "version": "2.9.4",
      "resolved": "https://registry.npmjs.org/@peculiar/asn1-pfx/-/asn1-pfx-2.9.4.tgz",
      "integrity": "sha512-khuGzHTzNzk4GDlIBEILyIs6Lce0yn0ZBdoI9v93kmNncfZRhD+AQ5ODFqdhvoE8cMJF/JMTQ8yA+t1D14kqCw==",
      "license": "MIT",
      "dependencies": {
        "@peculiar/asn1-cms": "^2.9.4",
        "@peculiar/asn1-pkcs8": "^2.9.4",
        "@peculiar/asn1-rsa": "^2.9.4",
        "@peculiar/asn1-schema": "^2.9.4",
        "asn1js": "^3.0.10",
        "tslib": "^2.8.1"
      },
      "engines": {
        "node": ">=14"
      }
    },
    "node_modules/@peculiar/asn1-pkcs8": {
      "version": "2.9.4",
      "resolved": "https://registry.npmjs.org/@peculiar/asn1-pkcs8/-/asn1-pkcs8-2.9.4.tgz",
      "integrity": "sha512-duRdotlUx9eDZe6QrQpQKl61RbWykCHBCkKayP8V8XdEFwlKHZ8qGGDMyS6Pye7OX7nLFttTTpRkJeet78ckwQ==",
      "license": "MIT",
      "dependencies": {
        "@peculiar/asn1-schema": "^2.9.4",
        "@peculiar/asn1-x509": "^2.9.4",
        "asn1js": "^3.0.10",
        "tslib": "^2.8.1"
      },
      "engines": {
        "node": ">=14"
      }
    },
    "node_modules/@peculiar/asn1-pkcs9": {
      "version": "2.9.4",
      "resolved": "https://registry.npmjs.org/@peculiar/asn1-pkcs9/-/asn1-pkcs9-2.9.4.tgz",
      "integrity": "sha512-kaL4cNxBpdQE2dKlyZBqz4ygCrwffO+8wfoxTEqM1Z8RadvCeELBRzcv0dzM8aY9azHMwODO5nxU65zXmhToOQ==",
      "license": "MIT",
      "dependencies": {
        "@peculiar/asn1-cms": "^2.9.4",
        "@peculiar/asn1-pfx": "^2.9.4",
        "@peculiar/asn1-pkcs8": "^2.9.4",
        "@peculiar/asn1-schema": "^2.9.4",
        "@peculiar/asn1-x509": "^2.9.4",
        "@peculiar/asn1-x509-attr": "^2.9.4",
        "asn1js": "^3.0.10",
        "tslib": "^2.8.1"
      },
      "engines": {
        "node": ">=14"
      }
    },
    "node_modules/@peculiar/asn1-rsa": {
      "version": "2.9.4",
      "resolved": "https://registry.npmjs.org/@peculiar/asn1-rsa/-/asn1-rsa-2.9.4.tgz",
      "integrity": "sha512-pZ96eD1PptovcWQ/GSmuNFXd/7EQJNlKfDaNCyE2rx3W0v6QFelkzquVqRSRyyDXXCYD69ZXJDzZ8GhIiQzKoA==",
      "license": "MIT",
      "dependencies": {
        "@peculiar/asn1-schema": "^2.9.4",
        "@peculiar/asn1-x509": "^2.9.4",
        "asn1js": "^3.0.10",
        "tslib": "^2.8.1"
      },
      "engines": {
        "node": ">=14"
      }
    },
    "node_modules/@peculiar/asn1-schema": {
      "version": "2.9.4",
      "resolved": "https://registry.npmjs.org/@peculiar/asn1-schema/-/asn1-schema-2.9.4.tgz",
      "integrity": "sha512-GjzePcT9Iw8NzeOPf73iNS9xM+TBhd/FilAfP+RQGkTMQJTVWtytN3JHJACCjf/ABNau5S7mS3g+DcuxmRgYEg==",
      "license": "MIT",
      "dependencies": {
        "@peculiar/utils": "^2.0.2",
        "asn1js": "^3.0.10",
        "tslib": "^2.8.1"
      },
      "engines": {
        "node": ">=14"
      }
    },
    "node_modules/@peculiar/asn1-x509": {
      "version": "2.9.4",
      "resolved": "https://registry.npmjs.org/@peculiar/asn1-x509/-/asn1-x509-2.9.4.tgz",
      "integrity": "sha512-CxhBo/RdEbMMob7T31ZdQjGuoyRFLVwrDzTn25bihzBasRg9kRm/0IxIPvhgQtcK/9dNcO1XQL2fuPugwELL0Q==",
      "license": "MIT",
      "dependencies": {
        "@peculiar/asn1-schema": "^2.9.4",
        "@peculiar/utils": "^2.0.2",
        "asn1js": "^3.0.10",
        "tslib": "^2.8.1"
      },
      "engines": {
        "node": ">=14"
      }
    },
    "node_modules/@peculiar/asn1-x509-attr": {
      "version": "2.9.4",
      "resolved": "https://registry.npmjs.org/@peculiar/asn1-x509-attr/-/asn1-x509-attr-2.9.4.tgz",
      "integrity": "sha512-ehQXbpQaQYycgu8OrvigwSPTFfVRcu0ECNYCWw+yzBp02Lw5paRqzzhUpfOgO2K38+WfFZuEz/0RPtam5g0OMg==",
      "license": "MIT",
      "dependencies": {
        "@peculiar/asn1-schema": "^2.9.4",
        "@peculiar/asn1-x509": "^2.9.4",
        "asn1js": "^3.0.10",
        "tslib": "^2.8.1"
      },
      "engines": {
        "node": ">=14"
      }
    },
    "node_modules/@peculiar/utils": {
      "version": "2.0.3",
      "resolved": "https://registry.npmjs.org/@peculiar/utils/-/utils-2.0.3.tgz",
      "integrity": "sha512-+oL3HPFRIZ1St2K50lWCXiioIgSoxzz7R1J3uF6neO2yl1sgmpgY6XXJH4BdpoDkMWznQTeYF6oWNDZLCdQ4eQ==",
      "license": "MIT",
      "dependencies": {
        "tslib": "^2.8.1"
      }
    },
    "node_modules/@peculiar/x509": {
      "version": "1.14.3",
      "resolved": "https://registry.npmjs.org/@peculiar/x509/-/x509-1.14.3.tgz",
      "integrity": "sha512-C2Xj8FZ0uHWeCXXqX5B4/gVFQmtSkiuOolzAgutjTfseNOHT3pUjljDZsTSxXFGgio54bCzVFqmEOUrIVk8RDA==",
      "license": "MIT",
      "dependencies": {
        "@peculiar/asn1-cms": "^2.6.0",
        "@peculiar/asn1-csr": "^2.6.0",
        "@peculiar/asn1-ecc": "^2.6.0",
        "@peculiar/asn1-pkcs9": "^2.6.0",
        "@peculiar/asn1-rsa": "^2.6.0",
        "@peculiar/asn1-schema": "^2.6.0",
        "@peculiar/asn1-x509": "^2.6.0",
        "pvtsutils": "^1.3.6",
        "reflect-metadata": "^0.2.2",
        "tslib": "^2.8.1",
        "tsyringe": "^4.10.0"
      },
      "engines": {
        "node": ">=20.0.0"
      }
    },
    "node_modules/@simplewebauthn/server": {
      "version": "13.3.3",
      "resolved": "https://registry.npmjs.org/@simplewebauthn/server/-/server-13.3.3.tgz",
      "integrity": "sha512-LelX/lcy5cjc15A86i/aNxHhB5eU7dd20QsbP0VLAf9e38+SLlsnqCCyecx3xqfGofhmX05h1J9fKRYWxw+luA==",
      "license": "MIT",
      "dependencies": {
        "@hexagon/base64": "^1.1.27",
        "@levischuck/tiny-cbor": "^0.2.2",
        "@peculiar/asn1-android": "^2.6.0",
        "@peculiar/asn1-ecc": "^2.6.1",
        "@peculiar/asn1-rsa": "^2.6.1",
        "@peculiar/asn1-schema": "^2.6.0",
        "@peculiar/asn1-x509": "^2.6.1",
        "@peculiar/x509": "^1.14.3"
      },
      "engines": {
        "node": ">=20.0.0"
      }
    },
    "node_modules/@vercel/cli-config": {
      "version": "0.2.5",
      "resolved": "https://registry.npmjs.org/@vercel/cli-config/-/cli-config-0.2.5.tgz",
      "integrity": "sha512-WniFxgznIPZ3h1USCLxArTyvR2a3/lvZW5mSSkuI2r8rQWEzUV8qnKXJEOFrVnVWe2YDxeCVMgZoxIH4kHA92Q==",
      "license": "Apache-2.0",
      "dependencies": {
        "xdg-app-paths": "5",
        "zod": "4.1.11"
      }
    },
    "node_modules/@vercel/cli-exec": {
      "version": "1.0.1",
      "resolved": "https://registry.npmjs.org/@vercel/cli-exec/-/cli-exec-1.0.1.tgz",
      "integrity": "sha512-g9XerViJ/paZujufXYcu5XYI2vU2rtB4sgdpjUHde5RnOkdmpu0ngH46LCFGHoPXO/C+qDPSczIHIRN+8Q2YKQ==",
      "license": "Apache-2.0",
      "dependencies": {
        "execa": "5.1.1"
      },
      "engines": {
        "node": ">= 18"
      }
    },
    "node_modules/@vercel/functions": {
      "version": "3.9.6",
      "resolved": "https://registry.npmjs.org/@vercel/functions/-/functions-3.9.6.tgz",
      "integrity": "sha512-00NG7F+VItu1UygM0IL6QqmGrzUAeHMCUNMq89bcsbnBqoE3Gpya9yn3g+TBGDbAFjuaojJCzLNYUVFt+reSnQ==",
      "license": "Apache-2.0",
      "dependencies": {
        "@vercel/oidc": "3.8.6"
      },
      "engines": {
        "node": ">= 20"
      },
      "peerDependencies": {
        "@aws-sdk/credential-provider-web-identity": "*",
        "ws": ">=8"
      },
      "peerDependenciesMeta": {
        "@aws-sdk/credential-provider-web-identity": {
          "optional": true
        },
        "ws": {
          "optional": true
        }
      }
    },
    "node_modules/@vercel/oidc": {
      "version": "3.8.6",
      "resolved": "https://registry.npmjs.org/@vercel/oidc/-/oidc-3.8.6.tgz",
      "integrity": "sha512-0gAPrFB1eVCLBVDDG1PUxs+G5OS97260GK2TEcUB2TeEeWM+17P4U9xC7ASp6f9rv/pu8tBceH5cmRV0MpUhGA==",
      "license": "Apache-2.0",
      "dependencies": {
        "@vercel/cli-config": "0.2.5",
        "@vercel/cli-exec": "1.0.1",
        "jose": "^5.9.6"
      },
      "engines": {
        "node": ">= 20"
      }
    },
    "node_modules/asn1js": {
      "version": "3.0.10",
      "resolved": "https://registry.npmjs.org/asn1js/-/asn1js-3.0.10.tgz",
      "integrity": "sha512-S2s3aOytiKdFRdulw2qPE51MzjzVOisppcVv7jVFR+Kw0kxwvFrDcYA0h7Ndqbmj0HkMIXYWaoj7fli8kgx1eg==",
      "license": "BSD-3-Clause",
      "dependencies": {
        "pvtsutils": "^1.3.6",
        "pvutils": "^1.1.5",
        "tslib": "^2.8.1"
      },
      "engines": {
        "node": ">=12.0.0"
      }
    },
    "node_modules/cross-spawn": {
      "version": "7.0.6",
      "resolved": "https://registry.npmjs.org/cross-spawn/-/cross-spawn-7.0.6.tgz",
      "integrity": "sha512-uV2QOWP2nWzsy2aMp8aRibhi9dlzF5Hgh5SHaB9OiTGEyDTiJJyx0uy51QXdyWbtAHNua4XJzUKca3OzKUd3vA==",
      "license": "MIT",
      "dependencies": {
        "path-key": "^3.1.0",
        "shebang-command": "^2.0.0",
        "which": "^2.0.1"
      },
      "engines": {
        "node": ">= 8"
      }
    },
    "node_modules/execa": {
      "version": "5.1.1",
      "resolved": "https://registry.npmjs.org/execa/-/execa-5.1.1.tgz",
      "integrity": "sha512-8uSpZZocAZRBAPIEINJj3Lo9HyGitllczc27Eh5YYojjMFMn8yHMDMaUHE2Jqfq05D/wucwI4JGURyXt1vchyg==",
      "license": "MIT",
      "dependencies": {
        "cross-spawn": "^7.0.3",
        "get-stream": "^6.0.0",
        "human-signals": "^2.1.0",
        "is-stream": "^2.0.0",
        "merge-stream": "^2.0.0",
        "npm-run-path": "^4.0.1",
        "onetime": "^5.1.2",
        "signal-exit": "^3.0.3",
        "strip-final-newline": "^2.0.0"
      },
      "engines": {
        "node": ">=10"
      },
      "funding": {
        "url": "https://github.com/sindresorhus/execa?sponsor=1"
      }
    },
    "node_modules/get-stream": {
      "version": "6.0.1",
      "resolved": "https://registry.npmjs.org/get-stream/-/get-stream-6.0.1.tgz",
      "integrity": "sha512-ts6Wi+2j3jQjqi70w5AlN8DFnkSwC+MqmxEzdEALB2qXZYV3X/b1CTfgPLGJNMeAWxdPfU8FO1ms3NUfaHCPYg==",
      "license": "MIT",
      "engines": {
        "node": ">=10"
      },
      "funding": {
        "url": "https://github.com/sponsors/sindresorhus"
      }
    },
    "node_modules/human-signals": {
      "version": "2.1.0",
      "resolved": "https://registry.npmjs.org/human-signals/-/human-signals-2.1.0.tgz",
      "integrity": "sha512-B4FFZ6q/T2jhhksgkbEW3HBvWIfDW85snkQgawt07S7J5QXTk6BkNV+0yAeZrM5QpMAdYlocGoljn0sJ/WQkFw==",
      "license": "Apache-2.0",
      "engines": {
        "node": ">=10.17.0"
      }
    },
    "node_modules/is-stream": {
      "version": "2.0.1",
      "resolved": "https://registry.npmjs.org/is-stream/-/is-stream-2.0.1.tgz",
      "integrity": "sha512-hFoiJiTl63nn+kstHGBtewWSKnQLpyb155KHheA1l39uvtO9nWIop1p3udqPcUd/xbF1VLMO4n7OI6p7RbngDg==",
      "license": "MIT",
      "engines": {
        "node": ">=8"
      },
      "funding": {
        "url": "https://github.com/sponsors/sindresorhus"
      }
    },
    "node_modules/isexe": {
      "version": "2.0.0",
      "resolved": "https://registry.npmjs.org/isexe/-/isexe-2.0.0.tgz",
      "integrity": "sha512-RHxMLp9lnKHGHRng9QFhRCMbYAcVpn69smSGcq3f36xjgVVWThj4qqLbTLlq7Ssj8B+fIQ1EuCEGI2lKsyQeIw==",
      "license": "ISC"
    },
    "node_modules/jose": {
      "version": "5.10.0",
      "resolved": "https://registry.npmjs.org/jose/-/jose-5.10.0.tgz",
      "integrity": "sha512-s+3Al/p9g32Iq+oqXxkW//7jk2Vig6FF1CFqzVXoTUXt2qz89YWbL+OwS17NFYEvxC35n0FKeGO2LGYSxeM2Gg==",
      "license": "MIT",
      "funding": {
        "url": "https://github.com/sponsors/panva"
      }
    },
    "node_modules/merge-stream": {
      "version": "2.0.0",
      "resolved": "https://registry.npmjs.org/merge-stream/-/merge-stream-2.0.0.tgz",
      "integrity": "sha512-abv/qOcuPfk3URPfDzmZU1LKmuw8kT+0nIHvKrKgFrwifol/doWcdA4ZqsWQ8ENrFKkd67Mfpo/LovbIUsbt3w==",
      "license": "MIT"
    },
    "node_modules/mimic-fn": {
      "version": "2.1.0",
      "resolved": "https://registry.npmjs.org/mimic-fn/-/mimic-fn-2.1.0.tgz",
      "integrity": "sha512-OqbOk5oEQeAZ8WXWydlu9HJjz9WVdEIvamMCcXmuqUYjTknH/sqsWvhQ3vgwKFRR1HpjvNBKQ37nbJgYzGqGcg==",
      "license": "MIT",
      "engines": {
        "node": ">=6"
      }
    },
    "node_modules/npm-run-path": {
      "version": "4.0.1",
      "resolved": "https://registry.npmjs.org/npm-run-path/-/npm-run-path-4.0.1.tgz",
      "integrity": "sha512-S48WzZW777zhNIrn7gxOlISNAqi9ZC/uQFnRdbeIHhZhCA6UqpkOT8T1G7BvfdgP4Er8gF4sUbaS0i7QvIfCWw==",
      "license": "MIT",
      "dependencies": {
        "path-key": "^3.0.0"
      },
      "engines": {
        "node": ">=8"
      }
    },
    "node_modules/onetime": {
      "version": "5.1.2",
      "resolved": "https://registry.npmjs.org/onetime/-/onetime-5.1.2.tgz",
      "integrity": "sha512-kbpaSSGJTWdAY5KPVeMOKXSrPtr8C8C7wodJbcsd51jRnmD+GZu8Y0VoU6Dm5Z4vWr0Ig/1NKuWRKf7j5aaYSg==",
      "license": "MIT",
      "dependencies": {
        "mimic-fn": "^2.1.0"
      },
      "engines": {
        "node": ">=6"
      },
      "funding": {
        "url": "https://github.com/sponsors/sindresorhus"
      }
    },
    "node_modules/os-paths": {
      "version": "4.4.0",
      "resolved": "https://registry.npmjs.org/os-paths/-/os-paths-4.4.0.tgz",
      "integrity": "sha512-wrAwOeXp1RRMFfQY8Sy7VaGVmPocaLwSFOYCGKSyo8qmJ+/yaafCl5BCA1IQZWqFSRBrKDYFeR9d/VyQzfH/jg==",
      "license": "MIT",
      "engines": {
        "node": ">= 6.0"
      }
    },
    "node_modules/path-key": {
      "version": "3.1.1",
      "resolved": "https://registry.npmjs.org/path-key/-/path-key-3.1.1.tgz",
      "integrity": "sha512-ojmeN0qd+y0jszEtoY48r0Peq5dwMEkIlCOu6Q5f41lfkswXuKtYrhgoTpLnyIcHm24Uhqx+5Tqm2InSwLhE6Q==",
      "license": "MIT",
      "engines": {
        "node": ">=8"
      }
    },
    "node_modules/pvtsutils": {
      "version": "1.3.6",
      "resolved": "https://registry.npmjs.org/pvtsutils/-/pvtsutils-1.3.6.tgz",
      "integrity": "sha512-PLgQXQ6H2FWCaeRak8vvk1GW462lMxB5s3Jm673N82zI4vqtVUPuZdffdZbPDFRoU8kAhItWFtPCWiPpp4/EDg==",
      "license": "MIT",
      "dependencies": {
        "tslib": "^2.8.1"
      }
    },
    "node_modules/pvutils": {
      "version": "1.2.0",
      "resolved": "https://registry.npmjs.org/pvutils/-/pvutils-1.2.0.tgz",
      "integrity": "sha512-BbubeCEyTuQjVMakvJQ/Sxbc93F2pwmbsxONT/ZRrwU7Ua38d8unYTwXpTVLAKJ4BDuH9IGztCjQcd/N/39Dvg==",
      "license": "MIT",
      "engines": {
        "node": ">=16.0.0"
      }
    },
    "node_modules/reflect-metadata": {
      "version": "0.2.2",
      "resolved": "https://registry.npmjs.org/reflect-metadata/-/reflect-metadata-0.2.2.tgz",
      "integrity": "sha512-urBwgfrvVP/eAyXx4hluJivBKzuEbSQs9rKWCrCkbSxNv8mxPcUZKeuoF3Uy4mJl3Lwprp6yy5/39VWigZ4K6Q==",
      "license": "Apache-2.0"
    },
    "node_modules/shebang-command": {
      "version": "2.0.0",
      "resolved": "https://registry.npmjs.org/shebang-command/-/shebang-command-2.0.0.tgz",
      "integrity": "sha512-kHxr2zZpYtdmrN1qDjrrX/Z1rR1kG8Dx+gkpK1G4eXmvXswmcE1hTWBWYUzlraYw1/yZp6YuDY77YtvbN0dmDA==",
      "license": "MIT",
      "dependencies": {
        "shebang-regex": "^3.0.0"
      },
      "engines": {
        "node": ">=8"
      }
    },
    "node_modules/shebang-regex": {
      "version": "3.0.0",
      "resolved": "https://registry.npmjs.org/shebang-regex/-/shebang-regex-3.0.0.tgz",
      "integrity": "sha512-7++dFhtcx3353uBaq8DDR4NuxBetBzC7ZQOhmTQInHEd6bSrXdiEyzCvG07Z44UYdLShWUyXt5M/yhz8ekcb1A==",
      "license": "MIT",
      "engines": {
        "node": ">=8"
      }
    },
    "node_modules/signal-exit": {
      "version": "3.0.7",
      "resolved": "https://registry.npmjs.org/signal-exit/-/signal-exit-3.0.7.tgz",
      "integrity": "sha512-wnD2ZE+l+SPC/uoS0vXeE9L1+0wuaMqKlfz9AMUo38JsyLSBWSFcHR1Rri62LZc12vLr1gb3jl7iwQhgwpAbGQ==",
      "license": "ISC"
    },
    "node_modules/strip-final-newline": {
      "version": "2.0.0",
      "resolved": "https://registry.npmjs.org/strip-final-newline/-/strip-final-newline-2.0.0.tgz",
      "integrity": "sha512-BrpvfNAE3dcvq7ll3xVumzjKjZQ5tI1sEUIKr3Uoks0XUl45St3FlatVqef9prk4jRDzhW6WZg+3bk93y6pLjA==",
      "license": "MIT",
      "engines": {
        "node": ">=6"
      }
    },
    "node_modules/tslib": {
      "version": "2.8.1",
      "resolved": "https://registry.npmjs.org/tslib/-/tslib-2.8.1.tgz",
      "integrity": "sha512-oJFu94HQb+KVduSUQL7wnpmqnfmLsOA/nAh6b6EH0wCEoK0/mPeXU6c3wKDV83MkOuHPRHtSXKKU99IBazS/2w==",
      "license": "0BSD"
    },
    "node_modules/tsyringe": {
      "version": "4.10.0",
      "resolved": "https://registry.npmjs.org/tsyringe/-/tsyringe-4.10.0.tgz",
      "integrity": "sha512-axr3IdNuVIxnaK5XGEUFTu3YmAQ6lllgrvqfEoR16g/HGnYY/6We4oWENtAnzK6/LpJ2ur9PAb80RBt7/U4ugw==",
      "license": "MIT",
      "dependencies": {
        "tslib": "^1.9.3"
      },
      "engines": {
        "node": ">= 6.0.0"
      }
    },
    "node_modules/tsyringe/node_modules/tslib": {
      "version": "1.14.1",
      "resolved": "https://registry.npmjs.org/tslib/-/tslib-1.14.1.tgz",
      "integrity": "sha512-Xni35NKzjgMrwevysHTCArtLDpPvye8zV/0E4EyYn43P7/7qvQwPh9BGkHewbMulVntbigmcT7rdX3BNo9wRJg==",
      "license": "0BSD"
    },
    "node_modules/which": {
      "version": "2.0.2",
      "resolved": "https://registry.npmjs.org/which/-/which-2.0.2.tgz",
      "integrity": "sha512-BLI3Tl1TW3Pvl70l3yq3Y64i+awpwXqsGBYWkkqMtnbXgrMD+yj7rhW0kuEDxzJaYXGjEW5ogapKNMEKNMjibA==",
      "license": "ISC",
      "dependencies": {
        "isexe": "^2.0.0"
      },
      "bin": {
        "node-which": "bin/node-which"
      },
      "engines": {
        "node": ">= 8"
      }
    },
    "node_modules/xdg-app-paths": {
      "version": "5.5.1",
      "resolved": "https://registry.npmjs.org/xdg-app-paths/-/xdg-app-paths-5.5.1.tgz",
      "integrity": "sha512-hI3flOB4PLZIy5prbtTpirobtPE2ZtZ52szO+2mM9Efp6ErM398La+C1lIpNWDfNoQk+6Lsi6nMcCwVB7pxeMQ==",
      "license": "MIT",
      "dependencies": {
        "os-paths": "^4.0.1",
        "xdg-portable": "^7.2.0"
      },
      "engines": {
        "node": ">= 6.0"
      }
    },
    "node_modules/xdg-portable": {
      "version": "7.3.0",
      "resolved": "https://registry.npmjs.org/xdg-portable/-/xdg-portable-7.3.0.tgz",
      "integrity": "sha512-sqMMuL1rc0FmMBOzCpd0yuy9trqF2yTTVe+E9ogwCSWQCdDEtQUwrZPT6AxqtsFGRNxycgncbP/xmOOSPw5ZUw==",
      "license": "MIT",
      "dependencies": {
        "os-paths": "^4.0.1"
      },
      "engines": {
        "node": ">= 6.0"
      }
    },
    "node_modules/zod": {
      "version": "4.1.11",
      "resolved": "https://registry.npmjs.org/zod/-/zod-4.1.11.tgz",
      "integrity": "sha512-WPsqwxITS2tzx1bzhIKsEs19ABD5vmCVa4xBo2tq/SrV4RNZtfws1EnCWQXM6yh8bD08a1idvkB5MZSBiZsjwg==",
      "license": "MIT",
      "funding": {
        "url": "https://github.com/sponsors/colinhacks"
      }
    }
  }
}
